
Microsoft Visual Studio Solution File, Format Version 12.00
# Visual Studio 2013
VisualStudioVersion = 12.0.21005.1
MinimumVisualStudioVersion = 10.0.40219.1
Project("{8BC9CEB8-8B4A-11D0-8D11-00A0C91BC942}") = "02RayTracer-light", "02RayTracer-light\02RayTracer-light.vcxproj", "{90148679-E9D3-4A99-AC74-1598EAD97B7E}"
EndProject
Project("{8BC9CEB8-8B4A-11D0-8D11-00A0C91BC942}") = "03RayTracer-glsl", "03RayTracer-glsl\03RayTracer-glsl.vcxproj", "{73850530-6E19-4518-A293-8A5010968A5B}"
EndProject
Project("{8BC9CEB8-8B4A-11D0-8D11-00A0C91BC942}") = "04RenderToTexture-glsl-fbo", "04RenderToTexture-glsl-fbo\04RenderToTexture-glsl-fbo.vcxproj", "{3CF00B84-7546-4B8D-ACD1-B8F5BD1BC14A}"
EndProject
Project("{8BC9CEB8-8B4A-11D0-8D11-00A0C91BC942}") = "05RayTracer-glsl-fbo", "05RayTracer-glsl-fbo\05RayTracer-glsl-fbo.vcxproj", "{184C9B2A-E7D1-4838-B90B-C6C834737AB5}"
EndProject
Project("{8BC9CEB8-8B4A-11D0-8D11-00A0C91BC942}") = "06RayTracer-camera", "06RayTracer-camera\06RayTracer-camera.vcxproj", "{056ECEAF-C499-4C71-BBE2-2C6FE4229D3B}"
EndProject
Project("{8BC9CEB8-8B4A-11D0-8D11-00A0C91BC942}") = "07RayTracer-antialiasing", "07RayTracer-antialiasing\07RayTracer-antialiasing.vcxproj", "{03CBE13E-7A86-4566-AA34-8BB303717290}"
EndProject
Project("{8BC9CEB8-8B4A-11D0-8D11-00A0C91BC942}") = "08RayTracer-primitives", "08RayTracer-primitives\08RayTracer-primitives.vcxproj", "{1F865878-9E9E-4DC8-A2BA-4FAD123500A2}"
EndProject
Project("{8BC9CEB8-8B4A-11D0-8D11-00A0C91BC942}") = "09RayTracer-orientablePrimitives", "09RayTracer-orientablePrimitives\09RayTracer-orientablePrimitives.vcxproj", "{E85FE357-9D31-46AF-9149-B0EE55034D7B}"
EndProject
Project("{8BC9CEB8-8B4A-11D0-8D11-00A0C91BC942}") = "11RayTracer-triangleMesh", "11RayTracer-triangleMesh\11RayTracer-triangleMesh.vcxproj", "{7B2D1178-C069-4B65-BEA7-75086984E19D}"
EndProject
Project("{8BC9CEB8-8B4A-11D0-8D11-00A0C91BC942}") = "01RayTracer-basic", "01RayTracer-basic\01RayTracer-basic.vcxproj", "{E1A9D17C-6153-44FB-A01C-7CD8456E8A43}"
EndProject
Project("{8BC9CEB8-8B4A-11D0-8D11-00A0C91BC942}") = "12RayTracer-kdTree-SAH", "12RayTracer-kdTree-SAH\12RayTracer-kdTree-SAH.vcxproj", "{1057AAB1-EF54-453E-A557-7C94DBE12C9A}"
EndProject
Project("{8BC9CEB8-8B4A-11D0-8D11-00A0C91BC942}") = "13TayTracer-texture", "13TayTracer-texture\13TayTracer-texture.vcxproj", "{39D90E5B-78A0-4D9C-8D3E-8AA738BCE7EE}"
EndProject
Global
	GlobalSection(SolutionConfigurationPlatforms) = preSolution
		Debug|Win32 = Debug|Win32
		Release|Win32 = Release|Win32
	EndGlobalSection
	GlobalSection(ProjectConfigurationPlatforms) = postSolution
		{90148679-E9D3-4A99-AC74-1598EAD97B7E}.Debug|Win32.ActiveCfg = Debug|Win32
		{90148679-E9D3-4A99-AC74-1598EAD97B7E}.Debug|Win32.Build.0 = Debug|Win32
		{90148679-E9D3-4A99-AC74-1598EAD97B7E}.Release|Win32.ActiveCfg = Release|Win32
		{90148679-E9D3-4A99-AC74-1598EAD97B7E}.Release|Win32.Build.0 = Release|Win32
		{73850530-6E19-4518-A293-8A5010968A5B}.Debug|Win32.ActiveCfg = Debug|Win32
		{73850530-6E19-4518-A293-8A5010968A5B}.Debug|Win32.Build.0 = Debug|Win32
		{73850530-6E19-4518-A293-8A5010968A5B}.Release|Win32.ActiveCfg = Release|Win32
		{73850530-6E19-4518-A293-8A5010968A5B}.Release|Win32.Build.0 = Release|Win32
		{3CF00B84-7546-4B8D-ACD1-B8F5BD1BC14A}.Debug|Win32.ActiveCfg = Debug|Win32
		{3CF00B84-7546-4B8D-ACD1-B8F5BD1BC14A}.Debug|Win32.Build.0 = Debug|Win32
		{3CF00B84-7546-4B8D-ACD1-B8F5BD1BC14A}.Release|Win32.ActiveCfg = Release|Win32
		{3CF00B84-7546-4B8D-ACD1-B8F5BD1BC14A}.Release|Win32.Build.0 = Release|Win32
		{184C9B2A-E7D1-4838-B90B-C6C834737AB5}.Debug|Win32.ActiveCfg = Debug|Win32
		{184C9B2A-E7D1-4838-B90B-C6C834737AB5}.Debug|Win32.Build.0 = Debug|Win32
		{184C9B2A-E7D1-4838-B90B-C6C834737AB5}.Release|Win32.ActiveCfg = Release|Win32
		{184C9B2A-E7D1-4838-B90B-C6C834737AB5}.Release|Win32.Build.0 = Release|Win32
		{056ECEAF-C499-4C71-BBE2-2C6FE4229D3B}.Debug|Win32.ActiveCfg = Debug|Win32
		{056ECEAF-C499-4C71-BBE2-2C6FE4229D3B}.Debug|Win32.Build.0 = Debug|Win32
		{056ECEAF-C499-4C71-BBE2-2C6FE4229D3B}.Release|Win32.ActiveCfg = Release|Win32
		{056ECEAF-C499-4C71-BBE2-2C6FE4229D3B}.Release|Win32.Build.0 = Release|Win32
		{03CBE13E-7A86-4566-AA34-8BB303717290}.Debug|Win32.ActiveCfg = Debug|Win32
		{03CBE13E-7A86-4566-AA34-8BB303717290}.Debug|Win32.Build.0 = Debug|Win32
		{03CBE13E-7A86-4566-AA34-8BB303717290}.Release|Win32.ActiveCfg = Release|Win32
		{03CBE13E-7A86-4566-AA34-8BB303717290}.Release|Win32.Build.0 = Release|Win32
		{1F865878-9E9E-4DC8-A2BA-4FAD123500A2}.Debug|Win32.ActiveCfg = Debug|Win32
		{1F865878-9E9E-4DC8-A2BA-4FAD123500A2}.Debug|Win32.Build.0 = Debug|Win32
		{1F865878-9E9E-4DC8-A2BA-4FAD123500A2}.Release|Win32.ActiveCfg = Release|Win32
		{1F865878-9E9E-4DC8-A2BA-4FAD123500A2}.Release|Win32.Build.0 = Release|Win32
		{E85FE357-9D31-46AF-9149-B0EE55034D7B}.Debug|Win32.ActiveCfg = Debug|Win32
		{E85FE357-9D31-46AF-9149-B0EE55034D7B}.Debug|Win32.Build.0 = Debug|Win32
		{E85FE357-9D31-46AF-9149-B0EE55034D7B}.Release|Win32.ActiveCfg = Release|Win32
		{E85FE357-9D31-46AF-9149-B0EE55034D7B}.Release|Win32.Build.0 = Release|Win32
		{7B2D1178-C069-4B65-BEA7-75086984E19D}.Debug|Win32.ActiveCfg = Debug|Win32
		{7B2D1178-C069-4B65-BEA7-75086984E19D}.Debug|Win32.Build.0 = Debug|Win32
		{7B2D1178-C069-4B65-BEA7-75086984E19D}.Release|Win32.ActiveCfg = Release|Win32
		{7B2D1178-C069-4B65-BEA7-75086984E19D}.Release|Win32.Build.0 = Release|Win32
		{E1A9D17C-6153-44FB-A01C-7CD8456E8A43}.Debug|Win32.ActiveCfg = Debug|Win32
		{E1A9D17C-6153-44FB-A01C-7CD8456E8A43}.Debug|Win32.Build.0 = Debug|Win32
		{E1A9D17C-6153-44FB-A01C-7CD8456E8A43}.Release|Win32.ActiveCfg = Release|Win32
		{E1A9D17C-6153-44FB-A01C-7CD8456E8A43}.Release|Win32.Build.0 = Release|Win32
		{1057AAB1-EF54-453E-A557-7C94DBE12C9A}.Debug|Win32.ActiveCfg = Debug|Win32
		{1057AAB1-EF54-453E-A557-7C94DBE12C9A}.Debug|Win32.Build.0 = Debug|Win32
		{1057AAB1-EF54-453E-A557-7C94DBE12C9A}.Release|Win32.ActiveCfg = Release|Win32
		{1057AAB1-EF54-453E-A557-7C94DBE12C9A}.Release|Win32.Build.0 = Release|Win32
		{39D90E5B-78A0-4D9C-8D3E-8AA738BCE7EE}.Debug|Win32.ActiveCfg = Debug|Win32
		{39D90E5B-78A0-4D9C-8D3E-8AA738BCE7EE}.Debug|Win32.Build.0 = Debug|Win32
		{39D90E5B-78A0-4D9C-8D3E-8AA738BCE7EE}.Release|Win32.ActiveCfg = Release|Win32
		{39D90E5B-78A0-4D9C-8D3E-8AA738BCE7EE}.Release|Win32.Build.0 = Release|Win32
	EndGlobalSection
	GlobalSection(SolutionProperties) = preSolution
		HideSolutionNode = FALSE
	EndGlobalSection
EndGlobal
